// !$*UTF8*$!
{
	archiveVersion = 1;
	classes = {
	};
	objectVersion = 51;
	objects = {

/* Begin PBXBuildFile section */
		24BE2C58F0E551D2DB688B49 /* Pods_examples.framework in Frameworks */ = {isa = PBXBuildFile; fileRef = 8CDE820C9FFA411AC27D2EA4 /* Pods_examples.framework */; };
		72C697FA53650BBE351EF44C /* Pods_examples_examplesUITests.framework in Frameworks */ = {isa = PBXBuildFile; fileRef = 921BB2AA86396D4583C837F6 /* Pods_examples_examplesUITests.framework */; };
		B3F740C93DF711566B27133A /* Pods_examplesTests.framework in Frameworks */ = {isa = PBXBuildFile; fileRef = D85888492E85D7609B0AADC0 /* Pods_examplesTests.framework */; };
		BFD5048226EA77DF008D9D41 /* AppDelegate.swift in Sources */ = {isa = PBXBuildFile; fileRef = BFD5048126EA77DF008D9D41 /* AppDelegate.swift */; };
		BFD5048426EA77DF008D9D41 /* SceneDelegate.swift in Sources */ = {isa = PBXBuildFile; fileRef = BFD5048326EA77DF008D9D41 /* SceneDelegate.swift */; };
		BFD5048626EA77DF008D9D41 /* ContentView.swift in Sources */ = {isa = PBXBuildFile; fileRef = BFD5048526EA77DF008D9D41 /* ContentView.swift */; };
		BFD5048826EA77E0008D9D41 /* Assets.xcassets in Resources */ = {isa = PBXBuildFile; fileRef = BFD5048726EA77E0008D9D41 /* Assets.xcassets */; };
		BFD5048B26EA77E0008D9D41 /* Preview Assets.xcassets in Resources */ = {isa = PBXBuildFile; fileRef = BFD5048A26EA77E0008D9D41 /* Preview Assets.xcassets */; };
		BFD5048E26EA77E0008D9D41 /* LaunchScreen.storyboard in Resources */ = {isa = PBXBuildFile; fileRef = BFD5048C26EA77E0008D9D41 /* LaunchScreen.storyboard */; };
		BFD5049926EA77E0008D9D41 /* examplesTests.swift in Sources */ = {isa = PBXBuildFile; fileRef = BFD5049826EA77E0008D9D41 /* examplesTests.swift */; };
		BFD504A426EA77E1008D9D41 /* examplesUITests.swift in Sources */ = {isa = PBXBuildFile; fileRef = BFD504A326EA77E1008D9D41 /* examplesUITests.swift */; };
		BFD504CD26EA914E008D9D41 /* ServiceManager.swift in Sources */ = {isa = PBXBuildFile; fileRef = BFD504CB26EA914E008D9D41 /* ServiceManager.swift */; };
		BFD504CE26EA914E008D9D41 /* LogManager.swift in Sources */ = {isa = PBXBuildFile; fileRef = BFD504CC26EA914E008D9D41 /* LogManager.swift */; };
		BFD504D326EA91E0008D9D41 /* ResponseModel.swift in Sources */ = {isa = PBXBuildFile; fileRef = BFD504D026EA91E0008D9D41 /* ResponseModel.swift */; };
		BFD504D426EA91E0008D9D41 /* ErrorModel.swift in Sources */ = {isa = PBXBuildFile; fileRef = BFD504D126EA91E0008D9D41 /* ErrorModel.swift */; };
		BFD504D526EA91E0008D9D41 /* RequestModel.swift in Sources */ = {isa = PBXBuildFile; fileRef = BFD504D226EA91E0008D9D41 /* RequestModel.swift */; };
		BFD504DB26EA9206008D9D41 /* Services.swift in Sources */ = {isa = PBXBuildFile; fileRef = BFD504D726EA9206008D9D41 /* Services.swift */; };
		BFD504DC26EA9206008D9D41 /* AveragePriceRequestModel.swift in Sources */ = {isa = PBXBuildFile; fileRef = BFD504D926EA9206008D9D41 /* AveragePriceRequestModel.swift */; };
		BFD504DD26EA9206008D9D41 /* AveragePriceResponseModel.swift in Sources */ = {isa = PBXBuildFile; fileRef = BFD504DA26EA9206008D9D41 /* AveragePriceResponseModel.swift */; };
		BFD504E526EA9220008D9D41 /* Constant.swift in Sources */ = {isa = PBXBuildFile; fileRef = BFD504E026EA9220008D9D41 /* Constant.swift */; };
		BFD504E626EA9220008D9D41 /* ServiceConstant.swift in Sources */ = {isa = PBXBuildFile; fileRef = BFD504E126EA9220008D9D41 /* ServiceConstant.swift */; };
		BFD504E726EA9220008D9D41 /* ErrorKey.swift in Sources */ = {isa = PBXBuildFile; fileRef = BFD504E226EA9220008D9D41 /* ErrorKey.swift */; };
		BFD504E826EA9220008D9D41 /* String+Extension.swift in Sources */ = {isa = PBXBuildFile; fileRef = BFD504E426EA9220008D9D41 /* String+Extension.swift */; };
/* End PBXBuildFile section */

/* Begin PBXContainerItemProxy section */
		BFD5049526EA77E0008D9D41 /* PBXContainerItemProxy */ = {
			isa = PBXContainerItemProxy;
			containerPortal = BFD5047626EA77DF008D9D41 /* Project object */;
			proxyType = 1;
			remoteGlobalIDString = BFD5047D26EA77DF008D9D41;
			remoteInfo = examples;
		};
		BFD504A026EA77E1008D9D41 /* PBXContainerItemProxy */ = {
			isa = PBXContainerItemProxy;
			containerPortal = BFD5047626EA77DF008D9D41 /* Project object */;
			proxyType = 1;
			remoteGlobalIDString = BFD5047D26EA77DF008D9D41;
			remoteInfo = examples;
		};
/* End PBXContainerItemProxy section */

/* Begin PBXFileReference section */
		5CD3CDB0190F69AE1E618891 /* Pods-examplesTests.release.xcconfig */ = {isa = PBXFileReference; includeInIndex = 1; lastKnownFileType = text.xcconfig; name = "Pods-examplesTests.release.xcconfig"; path = "Target Support Files/Pods-examplesTests/Pods-examplesTests.release.xcconfig"; sourceTree = "<group>"; };
		6175472B1A29740CE75CBDC8 /* Pods-examples-examplesUITests.debug.xcconfig */ = {isa = PBXFileReference; includeInIndex = 1; lastKnownFileType = text.xcconfig; name = "Pods-examples-examplesUITests.debug.xcconfig"; path = "Target Support Files/Pods-examples-examplesUITests/Pods-examples-examplesUITests.debug.xcconfig"; sourceTree = "<group>"; };
		8BA7F7E09C3D675D3FB437EB /* Pods-examplesTests.debug.xcconfig */ = {isa = PBXFileReference; includeInIndex = 1; lastKnownFileType = text.xcconfig; name = "Pods-examplesTests.debug.xcconfig"; path = "Target Support Files/Pods-examplesTests/Pods-examplesTests.debug.xcconfig"; sourceTree = "<group>"; };
		8CDE820C9FFA411AC27D2EA4 /* Pods_examples.framework */ = {isa = PBXFileReference; explicitFileType = wrapper.framework; includeInIndex = 0; path = Pods_examples.framework; sourceTree = BUILT_PRODUCTS_DIR; };
		921BB2AA86396D4583C837F6 /* Pods_examples_examplesUITests.framework */ = {isa = PBXFileReference; explicitFileType = wrapper.framework; includeInIndex = 0; path = Pods_examples_examplesUITests.framework; sourceTree = BUILT_PRODUCTS_DIR; };
		A50B1C221E90715CE3FDCC5A /* Pods-examples.debug.xcconfig */ = {isa = PBXFileReference; includeInIndex = 1; lastKnownFileType = text.xcconfig; name = "Pods-examples.debug.xcconfig"; path = "Target Support Files/Pods-examples/Pods-examples.debug.xcconfig"; sourceTree = "<group>"; };
		BFD5047E26EA77DF008D9D41 /* examples.app */ = {isa = PBXFileReference; explicitFileType = wrapper.application; includeInIndex = 0; path = examples.app; sourceTree = BUILT_PRODUCTS_DIR; };
		BFD5048126EA77DF008D9D41 /* AppDelegate.swift */ = {isa = PBXFileReference; lastKnownFileType = sourcecode.swift; path = AppDelegate.swift; sourceTree = "<group>"; };
		BFD5048326EA77DF008D9D41 /* SceneDelegate.swift */ = {isa = PBXFileReference; lastKnownFileType = sourcecode.swift; path = SceneDelegate.swift; sourceTree = "<group>"; };
		BFD5048526EA77DF008D9D41 /* ContentView.swift */ = {isa = PBXFileReference; lastKnownFileType = sourcecode.swift; path = ContentView.swift; sourceTree = "<group>"; };
		BFD5048726EA77E0008D9D41 /* Assets.xcassets */ = {isa = PBXFileReference; lastKnownFileType = folder.assetcatalog; path = Assets.xcassets; sourceTree = "<group>"; };
		BFD5048A26EA77E0008D9D41 /* Preview Assets.xcassets */ = {isa = PBXFileReference; lastKnownFileType = folder.assetcatalog; path = "Preview Assets.xcassets"; sourceTree = "<group>"; };
		BFD5048D26EA77E0008D9D41 /* Base */ = {isa = PBXFileReference; lastKnownFileType = file.storyboard; name = Base; path = Base.lproj/LaunchScreen.storyboard; sourceTree = "<group>"; };
		BFD5048F26EA77E0008D9D41 /* Info.plist */ = {isa = PBXFileReference; lastKnownFileType = text.plist.xml; path = Info.plist; sourceTree = "<group>"; };
		BFD5049426EA77E0008D9D41 /* examplesTests.xctest */ = {isa = PBXFileReference; explicitFileType = wrapper.cfbundle; includeInIndex = 0; path = examplesTests.xctest; sourceTree = BUILT_PRODUCTS_DIR; };
		BFD5049826EA77E0008D9D41 /* examplesTests.swift */ = {isa = PBXFileReference; lastKnownFileType = sourcecode.swift; path = examplesTests.swift; sourceTree = "<group>"; };
		BFD5049A26EA77E0008D9D41 /* Info.plist */ = {isa = PBXFileReference; lastKnownFileType = text.plist.xml; path = Info.plist; sourceTree = "<group>"; };
		BFD5049F26EA77E1008D9D41 /* examplesUITests.xctest */ = {isa = PBXFileReference; explicitFileType = wrapper.cfbundle; includeInIndex = 0; path = examplesUITests.xctest; sourceTree = BUILT_PRODUCTS_DIR; };
		BFD504A326EA77E1008D9D41 /* examplesUITests.swift */ = {isa = PBXFileReference; lastKnownFileType = sourcecode.swift; path = examplesUITests.swift; sourceTree = "<group>"; };
		BFD504A526EA77E1008D9D41 /* Info.plist */ = {isa = PBXFileReference; lastKnownFileType = text.plist.xml; path = Info.plist; sourceTree = "<group>"; };
		BFD504CB26EA914E008D9D41 /* ServiceManager.swift */ = {isa = PBXFileReference; fileEncoding = 4; lastKnownFileType = sourcecode.swift; path = ServiceManager.swift; sourceTree = "<group>"; };
		BFD504CC26EA914E008D9D41 /* LogManager.swift */ = {isa = PBXFileReference; fileEncoding = 4; lastKnownFileType = sourcecode.swift; path = LogManager.swift; sourceTree = "<group>"; };
		BFD504D026EA91E0008D9D41 /* ResponseModel.swift */ = {isa = PBXFileReference; fileEncoding = 4; lastKnownFileType = sourcecode.swift; path = ResponseModel.swift; sourceTree = "<group>"; };
		BFD504D126EA91E0008D9D41 /* ErrorModel.swift */ = {isa = PBXFileReference; fileEncoding = 4; lastKnownFileType = sourcecode.swift; path = ErrorModel.swift; sourceTree = "<group>"; };
		BFD504D226EA91E0008D9D41 /* RequestModel.swift */ = {isa = PBXFileReference; fileEncoding = 4; lastKnownFileType = sourcecode.swift; path = RequestModel.swift; sourceTree = "<group>"; };
		BFD504D726EA9206008D9D41 /* Services.swift */ = {isa = PBXFileReference; fileEncoding = 4; lastKnownFileType = sourcecode.swift; path = Services.swift; sourceTree = "<group>"; };
		BFD504D926EA9206008D9D41 /* AveragePriceRequestModel.swift */ = {isa = PBXFileReference; fileEncoding = 4; lastKnownFileType = sourcecode.swift; path = AveragePriceRequestModel.swift; sourceTree = "<group>"; };
		BFD504DA26EA9206008D9D41 /* AveragePriceResponseModel.swift */ = {isa = PBXFileReference; fileEncoding = 4; lastKnownFileType = sourcecode.swift; path = AveragePriceResponseModel.swift; sourceTree = "<group>"; };
		BFD504E026EA9220008D9D41 /* Constant.swift */ = {isa = PBXFileReference; fileEncoding = 4; lastKnownFileType = sourcecode.swift; path = Constant.swift; sourceTree = "<group>"; };
		BFD504E126EA9220008D9D41 /* ServiceConstant.swift */ = {isa = PBXFileReference; fileEncoding = 4; lastKnownFileType = sourcecode.swift; path = ServiceConstant.swift; sourceTree = "<group>"; };
		BFD504E226EA9220008D9D41 /* ErrorKey.swift */ = {isa = PBXFileReference; fileEncoding = 4; lastKnownFileType = sourcecode.swift; path = ErrorKey.swift; sourceTree = "<group>"; };
		BFD504E426EA9220008D9D41 /* String+Extension.swift */ = {isa = PBXFileReference; fileEncoding = 4; lastKnownFileType = sourcecode.swift; path = "String+Extension.swift"; sourceTree = "<group>"; };
		C8113B658BCC597250A361AB /* Pods-examples-examplesUITests.release.xcconfig */ = {isa = PBXFileReference; includeInIndex = 1; lastKnownFileType = text.xcconfig; name = "Pods-examples-examplesUITests.release.xcconfig"; path = "Target Support Files/Pods-examples-examplesUITests/Pods-examples-examplesUITests.release.xcconfig"; sourceTree = "<group>"; };
		D85888492E85D7609B0AADC0 /* Pods_examplesTests.framework */ = {isa = PBXFileReference; explicitFileType = wrapper.framework; includeInIndex = 0; path = Pods_examplesTests.framework; sourceTree = BUILT_PRODUCTS_DIR; };
		E557983A1DCD95F3AE6FDE7A /* Pods-examples.release.xcconfig */ = {isa = PBXFileReference; includeInIndex = 1; lastKnownFileType = text.xcconfig; name = "Pods-examples.release.xcconfig"; path = "Target Support Files/Pods-examples/Pods-examples.release.xcconfig"; sourceTree = "<group>"; };
/* End PBXFileReference section */

/* Begin PBXFrameworksBuildPhase section */
		BFD5047B26EA77DF008D9D41 /* Frameworks */ = {
			isa = PBXFrameworksBuildPhase;
			buildActionMask = 2147483647;
			files = (
				24BE2C58F0E551D2DB688B49 /* Pods_examples.framework in Frameworks */,
			);
			runOnlyForDeploymentPostprocessing = 0;
		};
		BFD5049126EA77E0008D9D41 /* Frameworks */ = {
			isa = PBXFrameworksBuildPhase;
			buildActionMask = 2147483647;
			files = (
				B3F740C93DF711566B27133A /* Pods_examplesTests.framework in Frameworks */,
			);
			runOnlyForDeploymentPostprocessing = 0;
		};
		BFD5049C26EA77E1008D9D41 /* Frameworks */ = {
			isa = PBXFrameworksBuildPhase;
			buildActionMask = 2147483647;
			files = (
				72C697FA53650BBE351EF44C /* Pods_examples_examplesUITests.framework in Frameworks */,
			);
			runOnlyForDeploymentPostprocessing = 0;
		};
/* End PBXFrameworksBuildPhase section */

/* Begin PBXGroup section */
		69EE33D630F574384BABAC42 /* Frameworks */ = {
			isa = PBXGroup;
			children = (
				8CDE820C9FFA411AC27D2EA4 /* Pods_examples.framework */,
				921BB2AA86396D4583C837F6 /* Pods_examples_examplesUITests.framework */,
				D85888492E85D7609B0AADC0 /* Pods_examplesTests.framework */,
			);
			name = Frameworks;
			sourceTree = "<group>";
		};
		BFD5047526EA77DF008D9D41 = {
			isa = PBXGroup;
			children = (
				BFD5048026EA77DF008D9D41 /* examples */,
				BFD5049726EA77E0008D9D41 /* examplesTests */,
				BFD504A226EA77E1008D9D41 /* examplesUITests */,
				BFD5047F26EA77DF008D9D41 /* Products */,
				E0D9A62A0CF8A5585A6D6858 /* Pods */,
				69EE33D630F574384BABAC42 /* Frameworks */,
			);
			sourceTree = "<group>";
		};
		BFD5047F26EA77DF008D9D41 /* Products */ = {
			isa = PBXGroup;
			children = (
				BFD5047E26EA77DF008D9D41 /* examples.app */,
				BFD5049426EA77E0008D9D41 /* examplesTests.xctest */,
				BFD5049F26EA77E1008D9D41 /* examplesUITests.xctest */,
			);
			name = Products;
			sourceTree = "<group>";
		};
		BFD5048026EA77DF008D9D41 /* examples */ = {
			isa = PBXGroup;
			children = (
				BFD504C926EA90C5008D9D41 /* GenericNetworkLayer */,
				BFD5048126EA77DF008D9D41 /* AppDelegate.swift */,
				BFD5048326EA77DF008D9D41 /* SceneDelegate.swift */,
				BFD5048526EA77DF008D9D41 /* ContentView.swift */,
				BFD5048726EA77E0008D9D41 /* Assets.xcassets */,
				BFD5048C26EA77E0008D9D41 /* LaunchScreen.storyboard */,
				BFD5048F26EA77E0008D9D41 /* Info.plist */,
				BFD5048926EA77E0008D9D41 /* Preview Content */,
			);
			path = examples;
			sourceTree = "<group>";
		};
		BFD5048926EA77E0008D9D41 /* Preview Content */ = {
			isa = PBXGroup;
			children = (
				BFD5048A26EA77E0008D9D41 /* Preview Assets.xcassets */,
			);
			path = "Preview Content";
			sourceTree = "<group>";
		};
		BFD5049726EA77E0008D9D41 /* examplesTests */ = {
			isa = PBXGroup;
			children = (
				BFD5049826EA77E0008D9D41 /* examplesTests.swift */,
				BFD5049A26EA77E0008D9D41 /* Info.plist */,
			);
			path = examplesTests;
			sourceTree = "<group>";
		};
		BFD504A226EA77E1008D9D41 /* examplesUITests */ = {
			isa = PBXGroup;
			children = (
				BFD504A326EA77E1008D9D41 /* examplesUITests.swift */,
				BFD504A526EA77E1008D9D41 /* Info.plist */,
			);
			path = examplesUITests;
			sourceTree = "<group>";
		};
		BFD504C926EA90C5008D9D41 /* GenericNetworkLayer */ = {
			isa = PBXGroup;
			children = (
				BFD504CA26EA914E008D9D41 /* Managers */,
				BFD504CF26EA91E0008D9D41 /* Models */,
				BFD504D626EA9206008D9D41 /* Services */,
				BFD504DE26EA9220008D9D41 /* Utilities */,
			);
			path = GenericNetworkLayer;
			sourceTree = "<group>";
		};
		BFD504CA26EA914E008D9D41 /* Managers */ = {
			isa = PBXGroup;
			children = (
				BFD504CB26EA914E008D9D41 /* ServiceManager.swift */,
				BFD504CC26EA914E008D9D41 /* LogManager.swift */,
			);
			path = Managers;
			sourceTree = "<group>";
		};
		BFD504CF26EA91E0008D9D41 /* Models */ = {
			isa = PBXGroup;
			children = (
				BFD504D026EA91E0008D9D41 /* ResponseModel.swift */,
				BFD504D126EA91E0008D9D41 /* ErrorModel.swift */,
				BFD504D226EA91E0008D9D41 /* RequestModel.swift */,
			);
			path = Models;
			sourceTree = "<group>";
		};
		BFD504D626EA9206008D9D41 /* Services */ = {
			isa = PBXGroup;
			children = (
				BFD504D726EA9206008D9D41 /* Services.swift */,
				BFD504D826EA9206008D9D41 /* Average Price */,
			);
			path = Services;
			sourceTree = "<group>";
		};
		BFD504D826EA9206008D9D41 /* Average Price */ = {
			isa = PBXGroup;
			children = (
				BFD504D926EA9206008D9D41 /* AveragePriceRequestModel.swift */,
				BFD504DA26EA9206008D9D41 /* AveragePriceResponseModel.swift */,
			);
			path = "Average Price";
			sourceTree = "<group>";
		};
		BFD504DE26EA9220008D9D41 /* Utilities */ = {
			isa = PBXGroup;
			children = (
				BFD504DF26EA9220008D9D41 /* Constants */,
				BFD504E226EA9220008D9D41 /* ErrorKey.swift */,
				BFD504E326EA9220008D9D41 /* Extensions */,
			);
			path = Utilities;
			sourceTree = "<group>";
		};
		BFD504DF26EA9220008D9D41 /* Constants */ = {
			isa = PBXGroup;
			children = (
				BFD504E026EA9220008D9D41 /* Constant.swift */,
				BFD504E126EA9220008D9D41 /* ServiceConstant.swift */,
			);
			path = Constants;
			sourceTree = "<group>";
		};
		BFD504E326EA9220008D9D41 /* Extensions */ = {
			isa = PBXGroup;
			children = (
				BFD504E426EA9220008D9D41 /* String+Extension.swift */,
			);
			path = Extensions;
			sourceTree = "<group>";
		};
		E0D9A62A0CF8A5585A6D6858 /* Pods */ = {
			isa = PBXGroup;
			children = (
				A50B1C221E90715CE3FDCC5A /* Pods-examples.debug.xcconfig */,
				E557983A1DCD95F3AE6FDE7A /* Pods-examples.release.xcconfig */,
				6175472B1A29740CE75CBDC8 /* Pods-examples-examplesUITests.debug.xcconfig */,
				C8113B658BCC597250A361AB /* Pods-examples-examplesUITests.release.xcconfig */,
				8BA7F7E09C3D675D3FB437EB /* Pods-examplesTests.debug.xcconfig */,
				5CD3CDB0190F69AE1E618891 /* Pods-examplesTests.release.xcconfig */,
			);
			path = Pods;
			sourceTree = "<group>";
		};
/* End PBXGroup section */

/* Begin PBXNativeTarget section */
		BFD5047D26EA77DF008D9D41 /* examples */ = {
			isa = PBXNativeTarget;
			buildConfigurationList = BFD504A826EA77E1008D9D41 /* Build configuration list for PBXNativeTarget "examples" */;
			buildPhases = (
				2E60F59279378DD015CA402E /* [CP] Check Pods Manifest.lock */,
				BFD5047A26EA77DF008D9D41 /* Sources */,
				BFD5047B26EA77DF008D9D41 /* Frameworks */,
				BFD5047C26EA77DF008D9D41 /* Resources */,
				C6DB7AC3930900BDDD1E4784 /* [CP] Embed Pods Frameworks */,
			);
			buildRules = (
			);
			dependencies = (
			);
			name = examples;
			productName = examples;
			productReference = BFD5047E26EA77DF008D9D41 /* examples.app */;
			productType = "com.apple.product-type.application";
		};
		BFD5049326EA77E0008D9D41 /* examplesTests */ = {
			isa = PBXNativeTarget;
			buildConfigurationList = BFD504AB26EA77E1008D9D41 /* Build configuration list for PBXNativeTarget "examplesTests" */;
			buildPhases = (
				47314090269250639C5D04C6 /* [CP] Check Pods Manifest.lock */,
				BFD5049026EA77E0008D9D41 /* Sources */,
				BFD5049126EA77E0008D9D41 /* Frameworks */,
				BFD5049226EA77E0008D9D41 /* Resources */,
			);
			buildRules = (
			);
			dependencies = (
				BFD5049626EA77E0008D9D41 /* PBXTargetDependency */,
			);
			name = examplesTests;
			productName = examplesTests;
			productReference = BFD5049426EA77E0008D9D41 /* examplesTests.xctest */;
			productType = "com.apple.product-type.bundle.unit-test";
		};
		BFD5049E26EA77E1008D9D41 /* examplesUITests */ = {
			isa = PBXNativeTarget;
			buildConfigurationList = BFD504AE26EA77E1008D9D41 /* Build configuration list for PBXNativeTarget "examplesUITests" */;
			buildPhases = (
				CB050B97D7CFED87DAC83D6C /* [CP] Check Pods Manifest.lock */,
				BFD5049B26EA77E1008D9D41 /* Sources */,
				BFD5049C26EA77E1008D9D41 /* Frameworks */,
				BFD5049D26EA77E1008D9D41 /* Resources */,
				1757FA35BC8071BD9F49C3FA /* [CP] Embed Pods Frameworks */,
			);
			buildRules = (
			);
			dependencies = (
				BFD504A126EA77E1008D9D41 /* PBXTargetDependency */,
			);
			name = examplesUITests;
			productName = examplesUITests;
			productReference = BFD5049F26EA77E1008D9D41 /* examplesUITests.xctest */;
			productType = "com.apple.product-type.bundle.ui-testing";
		};
/* End PBXNativeTarget section */

/* Begin PBXProject section */
		BFD5047626EA77DF008D9D41 /* Project object */ = {
			isa = PBXProject;
			attributes = {
				LastSwiftUpdateCheck = 1250;
				LastUpgradeCheck = 1250;
				TargetAttributes = {
					BFD5047D26EA77DF008D9D41 = {
						CreatedOnToolsVersion = 12.5.1;
					};
					BFD5049326EA77E0008D9D41 = {
						CreatedOnToolsVersion = 12.5.1;
						TestTargetID = BFD5047D26EA77DF008D9D41;
					};
					BFD5049E26EA77E1008D9D41 = {
						CreatedOnToolsVersion = 12.5.1;
						TestTargetID = BFD5047D26EA77DF008D9D41;
					};
				};
			};
			buildConfigurationList = BFD5047926EA77DF008D9D41 /* Build configuration list for PBXProject "examples" */;
			compatibilityVersion = "Xcode 9.3";
			developmentRegion = en;
			hasScannedForEncodings = 0;
			knownRegions = (
				en,
				Base,
			);
			mainGroup = BFD5047526EA77DF008D9D41;
			productRefGroup = BFD5047F26EA77DF008D9D41 /* Products */;
			projectDirPath = "";
			projectRoot = "";
			targets = (
				BFD5047D26EA77DF008D9D41 /* examples */,
				BFD5049326EA77E0008D9D41 /* examplesTests */,
				BFD5049E26EA77E1008D9D41 /* examplesUITests */,
			);
		};
/* End PBXProject section */

/* Begin PBXResourcesBuildPhase section */
		BFD5047C26EA77DF008D9D41 /* Resources */ = {
			isa = PBXResourcesBuildPhase;
			buildActionMask = 2147483647;
			files = (
				BFD5048E26EA77E0008D9D41 /* LaunchScreen.storyboard in Resources */,
				BFD5048B26EA77E0008D9D41 /* Preview Assets.xcassets in Resources */,
				BFD5048826EA77E0008D9D41 /* Assets.xcassets in Resources */,
			);
			runOnlyForDeploymentPostprocessing = 0;
		};
		BFD5049226EA77E0008D9D41 /* Resources */ = {
			isa = PBXResourcesBuildPhase;
			buildActionMask = 2147483647;
			files = (
			);
			runOnlyForDeploymentPostprocessing = 0;
		};
		BFD5049D26EA77E1008D9D41 /* Resources */ = {
			isa = PBXResourcesBuildPhase;
			buildActionMask = 2147483647;
			files = (
			);
			runOnlyForDeploymentPostprocessing = 0;
		};
/* End PBXResourcesBuildPhase section */

/* Begin PBXShellScriptBuildPhase section */
		1757FA35BC8071BD9F49C3FA /* [CP] Embed Pods Frameworks */ = {
			isa = PBXShellScriptBuildPhase;
			buildActionMask = 2147483647;
			files = (
			);
			inputFileListPaths = (
				"${PODS_ROOT}/Target Support Files/Pods-examples-examplesUITests/Pods-examples-examplesUITests-frameworks-${CONFIGURATION}-input-files.xcfilelist",
			);
			name = "[CP] Embed Pods Frameworks";
			outputFileListPaths = (
				"${PODS_ROOT}/Target Support Files/Pods-examples-examplesUITests/Pods-examples-examplesUITests-frameworks-${CONFIGURATION}-output-files.xcfilelist",
			);
			runOnlyForDeploymentPostprocessing = 0;
			shellPath = /bin/sh;
			shellScript = "\"${PODS_ROOT}/Target Support Files/Pods-examples-examplesUITests/Pods-examples-examplesUITests-frameworks.sh\"\n";
			showEnvVarsInLog = 0;
		};
		2E60F59279378DD015CA402E /* [CP] Check Pods Manifest.lock */ = {
			isa = PBXShellScriptBuildPhase;
			buildActionMask = 2147483647;
			files = (
			);
			inputFileListPaths = (
			);
			inputPaths = (
				"${PODS_PODFILE_DIR_PATH}/Podfile.lock",
				"${PODS_ROOT}/Manifest.lock",
			);
			name = "[CP] Check Pods Manifest.lock";
			outputFileListPaths = (
			);
			outputPaths = (
				"$(DERIVED_FILE_DIR)/Pods-examples-checkManifestLockResult.txt",
			);
			runOnlyForDeploymentPostprocessing = 0;
			shellPath = /bin/sh;
			shellScript = "diff \"${PODS_PODFILE_DIR_PATH}/Podfile.lock\" \"${PODS_ROOT}/Manifest.lock\" > /dev/null\nif [ $? != 0 ] ; then\n    # print error to STDERR\n    echo \"error: The sandbox is not in sync with the Podfile.lock. Run 'pod install' or update your CocoaPods installation.\" >&2\n    exit 1\nfi\n# This output is used by Xcode 'outputs' to avoid re-running this script phase.\necho \"SUCCESS\" > \"${SCRIPT_OUTPUT_FILE_0}\"\n";
			showEnvVarsInLog = 0;
		};
		47314090269250639C5D04C6 /* [CP] Check Pods Manifest.lock */ = {
			isa = PBXShellScriptBuildPhase;
			buildActionMask = 2147483647;
			files = (
			);
			inputFileListPaths = (
			);
			inputPaths = (
				"${PODS_PODFILE_DIR_PATH}/Podfile.lock",
				"${PODS_ROOT}/Manifest.lock",
			);
			name = "[CP] Check Pods Manifest.lock";
			outputFileListPaths = (
			);
			outputPaths = (
				"$(DERIVED_FILE_DIR)/Pods-examplesTests-checkManifestLockResult.txt",
			);
			runOnlyForDeploymentPostprocessing = 0;
			shellPath = /bin/sh;
			shellScript = "diff \"${PODS_PODFILE_DIR_PATH}/Podfile.lock\" \"${PODS_ROOT}/Manifest.lock\" > /dev/null\nif [ $? != 0 ] ; then\n    # print error to STDERR\n    echo \"error: The sandbox is not in sync with the Podfile.lock. Run 'pod install' or update your CocoaPods installation.\" >&2\n    exit 1\nfi\n# This output is used by Xcode 'outputs' to avoid re-running this script phase.\necho \"SUCCESS\" > \"${SCRIPT_OUTPUT_FILE_0}\"\n";
			showEnvVarsInLog = 0;
		};
		C6DB7AC3930900BDDD1E4784 /* [CP] Embed Pods Frameworks */ = {
			isa = PBXShellScriptBuildPhase;
			buildActionMask = 2147483647;
			files = (
			);
			inputFileListPaths = (
				"${PODS_ROOT}/Target Support Files/Pods-examples/Pods-examples-frameworks-${CONFIGURATION}-input-files.xcfilelist",
			);
			name = "[CP] Embed Pods Frameworks";
			outputFileListPaths = (
				"${PODS_ROOT}/Target Support Files/Pods-examples/Pods-examples-frameworks-${CONFIGURATION}-output-files.xcfilelist",
			);
			runOnlyForDeploymentPostprocessing = 0;
			shellPath = /bin/sh;
			shellScript = "\"${PODS_ROOT}/Target Support Files/Pods-examples/Pods-examples-frameworks.sh\"\n";
			showEnvVarsInLog = 0;
		};
		CB050B97D7CFED87DAC83D6C /* [CP] Check Pods Manifest.lock */ = {
			isa = PBXShellScriptBuildPhase;
			buildActionMask = 2147483647;
			files = (
			);
			inputFileListPaths = (
			);
			inputPaths = (
				"${PODS_PODFILE_DIR_PATH}/Podfile.lock",
				"${PODS_ROOT}/Manifest.lock",
			);
			name = "[CP] Check Pods Manifest.lock";
			outputFileListPaths = (
			);
			outputPaths = (
				"$(DERIVED_FILE_DIR)/Pods-examples-examplesUITests-checkManifestLockResult.txt",
			);
			runOnlyForDeploymentPostprocessing = 0;
			shellPath = /bin/sh;
			shellScript = "diff \"${PODS_PODFILE_DIR_PATH}/Podfile.lock\" \"${PODS_ROOT}/Manifest.lock\" > /dev/null\nif [ $? != 0 ] ; then\n    # print error to STDERR\n    echo \"error: The sandbox is not in sync with the Podfile.lock. Run 'pod install' or update your CocoaPods installation.\" >&2\n    exit 1\nfi\n# This output is used by Xcode 'outputs' to avoid re-running this script phase.\necho \"SUCCESS\" > \"${SCRIPT_OUTPUT_FILE_0}\"\n";
			showEnvVarsInLog = 0;
		};
/* End PBXShellScriptBuildPhase section */

/* Begin PBXSourcesBuildPhase section */
		BFD5047A26EA77DF008D9D41 /* Sources */ = {
			isa = PBXSourcesBuildPhase;
			buildActionMask = 2147483647;
			files = (
				BFD504D426EA91E0008D9D41 /* ErrorModel.swift in Sources */,
				BFD5048226EA77DF008D9D41 /* AppDelegate.swift in Sources */,
				BFD504CE26EA914E008D9D41 /* LogManager.swift in Sources */,
				BFD504DD26EA9206008D9D41 /* AveragePriceResponseModel.swift in Sources */,
				BFD504DC26EA9206008D9D41 /* AveragePriceRequestModel.swift in Sources */,
				BFD5048426EA77DF008D9D41 /* SceneDelegate.swift in Sources */,
				BFD504E726EA9220008D9D41 /* ErrorKey.swift in Sources */,
				BFD5048626EA77DF008D9D41 /* ContentView.swift in Sources */,
				BFD504D326EA91E0008D9D41 /* ResponseModel.swift in Sources */,
				BFD504CD26EA914E008D9D41 /* ServiceManager.swift in Sources */,
				BFD504E626EA9220008D9D41 /* ServiceConstant.swift in Sources */,
				BFD504DB26EA9206008D9D41 /* Services.swift in Sources */,
				BFD504D526EA91E0008D9D41 /* RequestModel.swift in Sources */,
				BFD504E826EA9220008D9D41 /* String+Extension.swift in Sources */,
				BFD504E526EA9220008D9D41 /* Constant.swift in Sources */,
			);
			runOnlyForDeploymentPostprocessing = 0;
		};
		BFD5049026EA77E0008D9D41 /* Sources */ = {
			isa = PBXSourcesBuildPhase;
			buildActionMask = 2147483647;
			files = (
				BFD5049926EA77E0008D9D41 /* examplesTests.swift in Sources */,
			);
			runOnlyForDeploymentPostprocessing = 0;
		};
		BFD5049B26EA77E1008D9D41 /* Sources */ = {
			isa = PBXSourcesBuildPhase;
			buildActionMask = 2147483647;
			files = (
				BFD504A426EA77E1008D9D41 /* examplesUITests.swift in Sources */,
			);
			runOnlyForDeploymentPostprocessing = 0;
		};
/* End PBXSourcesBuildPhase section */

/* Begin PBXTargetDependency section */
		BFD5049626EA77E0008D9D41 /* PBXTargetDependency */ = {
			isa = PBXTargetDependency;
			target = BFD5047D26EA77DF008D9D41 /* examples */;
			targetProxy = BFD5049526EA77E0008D9D41 /* PBXContainerItemProxy */;
		};
		BFD504A126EA77E1008D9D41 /* PBXTargetDependency */ = {
			isa = PBXTargetDependency;
			target = BFD5047D26EA77DF008D9D41 /* examples */;
			targetProxy = BFD504A026EA77E1008D9D41 /* PBXContainerItemProxy */;
		};
/* End PBXTargetDependency section */

/* Begin PBXVariantGroup section */
		BFD5048C26EA77E0008D9D41 /* LaunchScreen.storyboard */ = {
			isa = PBXVariantGroup;
			children = (
				BFD5048D26EA77E0008D9D41 /* Base */,
			);
			name = LaunchScreen.storyboard;
			sourceTree = "<group>";
		};
/* End PBXVariantGroup section */

/* Begin XCBuildConfiguration section */
		BFD504A626EA77E1008D9D41 /* Debug */ = {
			isa = XCBuildConfiguration;
			buildSettings = {
				ALWAYS_SEARCH_USER_PATHS = NO;
				CLANG_ANALYZER_NONNULL = YES;
				CLANG_ANALYZER_NUMBER_OBJECT_CONVERSION = YES_AGGRESSIVE;
				CLANG_CXX_LANGUAGE_STANDARD = "gnu++14";
				CLANG_CXX_LIBRARY = "libc++";
				CLANG_ENABLE_MODULES = YES;
				CLANG_ENABLE_OBJC_ARC = YES;
				CLANG_ENABLE_OBJC_WEAK = YES;
				CLANG_WARN_BLOCK_CAPTURE_AUTORELEASING = YES;
				CLANG_WARN_BOOL_CONVERSION = YES;
				CLANG_WARN_COMMA = YES;
				CLANG_WARN_CONSTANT_CONVERSION = YES;
				CLANG_WARN_DEPRECATED_OBJC_IMPLEMENTATIONS = YES;
				CLANG_WARN_DIRECT_OBJC_ISA_USAGE = YES_ERROR;
				CLANG_WARN_DOCUMENTATION_COMMENTS = YES;
				CLANG_WARN_EMPTY_BODY = YES;
				CLANG_WARN_ENUM_CONVERSION = YES;
				CLANG_WARN_INFINITE_RECURSION = YES;
				CLANG_WARN_INT_CONVERSION = YES;
				CLANG_WARN_NON_LITERAL_NULL_CONVERSION = YES;
				CLANG_WARN_OBJC_IMPLICIT_RETAIN_SELF = YES;
				CLANG_WARN_OBJC_LITERAL_CONVERSION = YES;
				CLANG_WARN_OBJC_ROOT_CLASS = YES_ERROR;
				CLANG_WARN_QUOTED_INCLUDE_IN_FRAMEWORK_HEADER = YES;
				CLANG_WARN_RANGE_LOOP_ANALYSIS = YES;
				CLANG_WARN_STRICT_PROTOTYPES = YES;
				CLANG_WARN_SUSPICIOUS_MOVE = YES;
				CLANG_WARN_UNGUARDED_AVAILABILITY = YES_AGGRESSIVE;
				CLANG_WARN_UNREACHABLE_CODE = YES;
				CLANG_WARN__DUPLICATE_METHOD_MATCH = YES;
				COPY_PHASE_STRIP = NO;
				DEBUG_INFORMATION_FORMAT = dwarf;
				ENABLE_STRICT_OBJC_MSGSEND = YES;
				ENABLE_TESTABILITY = YES;
				GCC_C_LANGUAGE_STANDARD = gnu11;
				GCC_DYNAMIC_NO_PIC = NO;
				GCC_NO_COMMON_BLOCKS = YES;
				GCC_OPTIMIZATION_LEVEL = 0;
				GCC_PREPROCESSOR_DEFINITIONS = (
					"DEBUG=1",
					"$(inherited)",
				);
				GCC_WARN_64_TO_32_BIT_CONVERSION = YES;
				GCC_WARN_ABOUT_RETURN_TYPE = YES_ERROR;
				GCC_WARN_UNDECLARED_SELECTOR = YES;
				GCC_WARN_UNINITIALIZED_AUTOS = YES_AGGRESSIVE;
				GCC_WARN_UNUSED_FUNCTION = YES;
				GCC_WARN_UNUSED_VARIABLE = YES;
				IPHONEOS_DEPLOYMENT_TARGET = 14.5;
				MTL_ENABLE_DEBUG_INFO = INCLUDE_SOURCE;
				MTL_FAST_MATH = YES;
				ONLY_ACTIVE_ARCH = YES;
				SDKROOT = iphoneos;
				SWIFT_ACTIVE_COMPILATION_CONDITIONS = DEBUG;
				SWIFT_OPTIMIZATION_LEVEL = "-Onone";
			};
			name = Debug;
		};
		BFD504A726EA77E1008D9D41 /* Release */ = {
			isa = XCBuildConfiguration;
			buildSettings = {
				ALWAYS_SEARCH_USER_PATHS = NO;
				CLANG_ANALYZER_NONNULL = YES;
				CLANG_ANALYZER_NUMBER_OBJECT_CONVERSION = YES_AGGRESSIVE;
				CLANG_CXX_LANGUAGE_STANDARD = "gnu++14";
				CLANG_CXX_LIBRARY = "libc++";
				CLANG_ENABLE_MODULES = YES;
				CLANG_ENABLE_OBJC_ARC = YES;
				CLANG_ENABLE_OBJC_WEAK = YES;
				CLANG_WARN_BLOCK_CAPTURE_AUTORELEASING = YES;
				CLANG_WARN_BOOL_CONVERSION = YES;
				CLANG_WARN_COMMA = YES;
				CLANG_WARN_CONSTANT_CONVERSION = YES;
				CLANG_WARN_DEPRECATED_OBJC_IMPLEMENTATIONS = YES;
				CLANG_WARN_DIRECT_OBJC_ISA_USAGE = YES_ERROR;
				CLANG_WARN_DOCUMENTATION_COMMENTS = YES;
				CLANG_WARN_EMPTY_BODY = YES;
				CLANG_WARN_ENUM_CONVERSION = YES;
				CLANG_WARN_INFINITE_RECURSION = YES;
				CLANG_WARN_INT_CONVERSION = YES;
				CLANG_WARN_NON_LITERAL_NULL_CONVERSION = YES;
				CLANG_WARN_OBJC_IMPLICIT_RETAIN_SELF = YES;
				CLANG_WARN_OBJC_LITERAL_CONVERSION = YES;
				CLANG_WARN_OBJC_ROOT_CLASS = YES_ERROR;
				CLANG_WARN_QUOTED_INCLUDE_IN_FRAMEWORK_HEADER = YES;
				CLANG_WARN_RANGE_LOOP_ANALYSIS = YES;
				CLANG_WARN_STRICT_PROTOTYPES = YES;
				CLANG_WARN_SUSPICIOUS_MOVE = YES;
				CLANG_WARN_UNGUARDED_AVAILABILITY = YES_AGGRESSIVE;
				CLANG_WARN_UNREACHABLE_CODE = YES;
				CLANG_WARN__DUPLICATE_METHOD_MATCH = YES;
				COPY_PHASE_STRIP = NO;
				DEBUG_INFORMATION_FORMAT = "dwarf-with-dsym";
				ENABLE_NS_ASSERTIONS = NO;
				ENABLE_STRICT_OBJC_MSGSEND = YES;
				GCC_C_LANGUAGE_STANDARD = gnu11;
				GCC_NO_COMMON_BLOCKS = YES;
				GCC_WARN_64_TO_32_BIT_CONVERSION = YES;
				GCC_WARN_ABOUT_RETURN_TYPE = YES_ERROR;
				GCC_WARN_UNDECLARED_SELECTOR = YES;
				GCC_WARN_UNINITIALIZED_AUTOS = YES_AGGRESSIVE;
				GCC_WARN_UNUSED_FUNCTION = YES;
				GCC_WARN_UNUSED_VARIABLE = YES;
				IPHONEOS_DEPLOYMENT_TARGET = 14.5;
				MTL_ENABLE_DEBUG_INFO = NO;
				MTL_FAST_MATH = YES;
				SDKROOT = iphoneos;
				SWIFT_COMPILATION_MODE = wholemodule;
				SWIFT_OPTIMIZATION_LEVEL = "-O";
				VALIDATE_PRODUCT = YES;
			};
			name = Release;
		};
		BFD504A926EA77E1008D9D41 /* Debug */ = {
			isa = XCBuildConfiguration;
			baseConfigurationReference = A50B1C221E90715CE3FDCC5A /* Pods-examples.debug.xcconfig */;
			buildSettings = {
				ASSETCATALOG_COMPILER_APPICON_NAME = AppIcon;
				ASSETCATALOG_COMPILER_GLOBAL_ACCENT_COLOR_NAME = AccentColor;
				CODE_SIGN_STYLE = Automatic;
				DEVELOPMENT_ASSET_PATHS = "\"examples/Preview Content\"";
				DEVELOPMENT_TEAM = BPH46K53M5;
				ENABLE_PREVIEWS = YES;
				INFOPLIST_FILE = examples/Info.plist;
				LD_RUNPATH_SEARCH_PATHS = (
					"$(inherited)",
					"@executable_path/Frameworks",
				);
				PRODUCT_BUNDLE_IDENTIFIER = nahim.personal.examples;
				PRODUCT_NAME = "$(TARGET_NAME)";
				SWIFT_VERSION = 5.0;
				TARGETED_DEVICE_FAMILY = "1,2";
			};
			name = Debug;
		};
		BFD504AA26EA77E1008D9D41 /* Release */ = {
			isa = XCBuildConfiguration;
			baseConfigurationReference = E557983A1DCD95F3AE6FDE7A /* Pods-examples.release.xcconfig */;
			buildSettings = {
				ASSETCATALOG_COMPILER_APPICON_NAME = AppIcon;
				ASSETCATALOG_COMPILER_GLOBAL_ACCENT_COLOR_NAME = AccentColor;
				CODE_SIGN_STYLE = Automatic;
				DEVELOPMENT_ASSET_PATHS = "\"examples/Preview Content\"";
				DEVELOPMENT_TEAM = BPH46K53M5;
				ENABLE_PREVIEWS = YES;
				INFOPLIST_FILE = examples/Info.plist;
				LD_RUNPATH_SEARCH_PATHS = (
					"$(inherited)",
					"@executable_path/Frameworks",
				);
				PRODUCT_BUNDLE_IDENTIFIER = nahim.personal.examples;
				PRODUCT_NAME = "$(TARGET_NAME)";
				SWIFT_VERSION = 5.0;
				TARGETED_DEVICE_FAMILY = "1,2";
			};
			name = Release;
		};
		BFD504AC26EA77E1008D9D41 /* Debug */ = {
			isa = XCBuildConfiguration;
			baseConfigurationReference = 8BA7F7E09C3D675D3FB437EB /* Pods-examplesTests.debug.xcconfig */;
			buildSettings = {
				ALWAYS_EMBED_SWIFT_STANDARD_LIBRARIES = YES;
				BUNDLE_LOADER = "$(TEST_HOST)";
				CODE_SIGN_STYLE = Automatic;
				DEVELOPMENT_TEAM = BPH46K53M5;
				INFOPLIST_FILE = examplesTests/Info.plist;
				IPHONEOS_DEPLOYMENT_TARGET = 14.5;
				LD_RUNPATH_SEARCH_PATHS = (
					"$(inherited)",
					"@executable_path/Frameworks",
					"@loader_path/Frameworks",
				);
				PRODUCT_BUNDLE_IDENTIFIER = nahim.personal.examplesTests;
				PRODUCT_NAME = "$(TARGET_NAME)";
				SWIFT_VERSION = 5.0;
				TARGETED_DEVICE_FAMILY = "1,2";
				TEST_HOST = "$(BUILT_PRODUCTS_DIR)/examples.app/examples";
			};
			name = Debug;
		};
		BFD504AD26EA77E1008D9D41 /* Release */ = {
			isa = XCBuildConfiguration;
			baseConfigurationReference = 5CD3CDB0190F69AE1E618891 /* Pods-examplesTests.release.xcconfig */;
			buildSettings = {
				ALWAYS_EMBED_SWIFT_STANDARD_LIBRARIES = YES;
				BUNDLE_LOADER = "$(TEST_HOST)";
				CODE_SIGN_STYLE = Automatic;
				DEVELOPMENT_TEAM = BPH46K53M5;
				INFOPLIST_FILE = examplesTests/Info.plist;
				IPHONEOS_DEPLOYMENT_TARGET = 14.5;
				LD_RUNPATH_SEARCH_PATHS = (
					"$(inherited)",
					"@executable_path/Frameworks",
					"@loader_path/Frameworks",
				);
				PRODUCT_BUNDLE_IDENTIFIER = nahim.personal.examplesTests;
				PRODUCT_NAME = "$(TARGET_NAME)";
				SWIFT_VERSION = 5.0;
				TARGETED_DEVICE_FAMILY = "1,2";
				TEST_HOST = "$(BUILT_PRODUCTS_DIR)/examples.app/examples";
			};
			name = Release;
		};
		BFD504AF26EA77E1008D9D41 /* Debug */ = {
			isa = XCBuildConfiguration;
			baseConfigurationReference = 6175472B1A29740CE75CBDC8 /* Pods-examples-examplesUITests.debug.xcconfig */;
			buildSettings = {
				ALWAYS_EMBED_SWIFT_STANDARD_LIBRARIES = YES;
				CODE_SIGN_STYLE = Automatic;
				DEVELOPMENT_TEAM = BPH46K53M5;
				INFOPLIST_FILE = examplesUITests/Info.plist;
				LD_RUNPATH_SEARCH_PATHS = (
					"$(inherited)",
					"@executable_path/Frameworks",
					"@loader_path/Frameworks",
				);
				PRODUCT_BUNDLE_IDENTIFIER = nahim.personal.examplesUITests;
				PRODUCT_NAME = "$(TARGET_NAME)";
				SWIFT_VERSION = 5.0;
				TARGETED_DEVICE_FAMILY = "1,2";
				TEST_TARGET_NAME = examples;
			};
			name = Debug;
		};
		BFD504B026EA77E1008D9D41 /* Release */ = {
			isa = XCBuildConfiguration;
			baseConfigurationReference = C8113B658BCC597250A361AB /* Pods-examples-examplesUITests.release.xcconfig */;
			buildSettings = {
				ALWAYS_EMBED_SWIFT_STANDARD_LIBRARIES = YES;
				CODE_SIGN_STYLE = Automatic;
				DEVELOPMENT_TEAM = BPH46K53M5;
				INFOPLIST_FILE = examplesUITests/Info.plist;
				LD_RUNPATH_SEARCH_PATHS = (
					"$(inherited)",
					"@executable_path/Frameworks",
					"@loader_path/Frameworks",
				);
				PRODUCT_BUNDLE_IDENTIFIER = nahim.personal.examplesUITests;
				PRODUCT_NAME = "$(TARGET_NAME)";
				SWIFT_VERSION = 5.0;
				TARGETED_DEVICE_FAMILY = "1,2";
				TEST_TARGET_NAME = examples;
			};
			name = Release;
		};
/* End XCBuildConfiguration section */

/* Begin XCConfigurationList section */
		BFD5047926EA77DF008D9D41 /* Build configuration list for PBXProject "examples" */ = {
			isa = XCConfigurationList;
			buildConfigurations = (
				BFD504A626EA77E1008D9D41 /* Debug */,
				BFD504A726EA77E1008D9D41 /* Release */,
			);
			defaultConfigurationIsVisible = 0;
			defaultConfigurationName = Release;
		};
		BFD504A826EA77E1008D9D41 /* Build configuration list for PBXNativeTarget "examples" */ = {
			isa = XCConfigurationList;
			buildConfigurations = (
				BFD504A926EA77E1008D9D41 /* Debug */,
				BFD504AA26EA77E1008D9D41 /* Release */,
			);
			defaultConfigurationIsVisible = 0;
			defaultConfigurationName = Release;
		};
		BFD504AB26EA77E1008D9D41 /* Build configuration list for PBXNativeTarget "examplesTests" */ = {
			isa = XCConfigurationList;
			buildConfigurations = (
				BFD504AC26EA77E1008D9D41 /* Debug */,
				BFD504AD26EA77E1008D9D41 /* Release */,
			);
			defaultConfigurationIsVisible = 0;
			defaultConfigurationName = Release;
		};
		BFD504AE26EA77E1008D9D41 /* Build configuration list for PBXNativeTarget "examplesUITests" */ = {
			isa = XCConfigurationList;
			buildConfigurations = (
				BFD504AF26EA77E1008D9D41 /* Debug */,
				BFD504B026EA77E1008D9D41 /* Release */,
			);
			defaultConfigurationIsVisible = 0;
			defaultConfigurationName = Release;
		};
/* End XCConfigurationList section */
	};
	rootObject = BFD5047626EA77DF008D9D41 /* Project object */;
}
